
Microsoft Visual Studio Solution File, Format Version 12.00
# Visual Studio Version 17
VisualStudioVersion = 17.6.33829.357
MinimumVisualStudioVersion = 10.0.40219.1
Project("{FAE04EC0-301F-11D3-BF4B-00C04F79EFBC}") = "ShadesOemInfoChanger", "ShadesOemInfoChanger\ShadesOemInfoChanger.csproj", "{9E6CB7E3-8C80-47A6-AE0D-69BF3FB74268}"
EndProject
Global
	GlobalSection(SolutionConfigurationPlatforms) = preSolution
		Debug|Any CPU = Debug|Any CPU
		Release|Any CPU = Release|Any CPU
	EndGlobalSection
	GlobalSection(ProjectConfigurationPlatforms) = postSolution
		{9E6CB7E3-8C80-47A6-AE0D-69BF3FB74268}.Debug|Any CPU.ActiveCfg = Debug|Any CPU
		{9E6CB7E3-8C80-47A6-AE0D-69BF3FB74268}.Debug|Any CPU.Build.0 = Debug|Any CPU
		{9E6CB7E3-8C80-47A6-AE0D-69BF3FB74268}.Release|Any CPU.ActiveCfg = Release|Any CPU
		{9E6CB7E3-8C80-47A6-AE0D-69BF3FB74268}.Release|Any CPU.Build.0 = Release|Any CPU
	EndGlobalSection
	GlobalSection(SolutionProperties) = preSolution
		HideSolutionNode = FALSE
	EndGlobalSection
	GlobalSection(ExtensibilityGlobals) = postSolution
		SolutionGuid = {E0353B32-1474-4A07-AC02-E69D6330A924}
	EndGlobalSection
EndGlobal
